
Microsoft Visual Studio Solution File, Format Version 12.00
# Visual Studio Version 17
VisualStudioVersion = 17.14.36511.14 d17.14
MinimumVisualStudioVersion = 10.0.40219.1
Project("{FAE04EC0-301F-11D3-BF4B-00C04F79EFBC}") = "CountryBlocker.Api", "CountryBlocker.Api\CountryBlocker.Api.csproj", "{227A76CD-8975-464D-97DF-1C9B2E1CA354}"
EndProject
Global
	GlobalSection(SolutionConfigurationPlatforms) = preSolution
		Debug|Any CPU = Debug|Any CPU
		Release|Any CPU = Release|Any CPU
	EndGlobalSection
	GlobalSection(ProjectConfigurationPlatforms) = postSolution
		{227A76CD-8975-464D-97DF-1C9B2E1CA354}.Debug|Any CPU.ActiveCfg = Debug|Any CPU
		{227A76CD-8975-464D-97DF-1C9B2E1CA354}.Debug|Any CPU.Build.0 = Debug|Any CPU
		{227A76CD-8975-464D-97DF-1C9B2E1CA354}.Release|Any CPU.ActiveCfg = Release|Any CPU
		{227A76CD-8975-464D-97DF-1C9B2E1CA354}.Release|Any CPU.Build.0 = Release|Any CPU
	EndGlobalSection
	GlobalSection(SolutionProperties) = preSolution
		HideSolutionNode = FALSE
	EndGlobalSection
	GlobalSection(ExtensibilityGlobals) = postSolution
		SolutionGuid = {E278E0EA-2A44-4826-879C-F9BDA2220EF1}
	EndGlobalSection
EndGlobal
